
Microsoft Visual Studio Solution File, Format Version 12.00
# Visual Studio Version 17
VisualStudioVersion = 17.5.33530.505
MinimumVisualStudioVersion = 10.0.40219.1
Project("{9A19103F-16F7-4668-BE54-9A1E7A4F7556}") = "E - Purchase", "E - Purchase\E - Purchase.csproj", "{70EEDC8F-2923-40EF-8B06-E84A5FFE7276}"
EndProject
Project("{9A19103F-16F7-4668-BE54-9A1E7A4F7556}") = "E-Purchase_DataAccess", "DataAccess\E-Purchase_DataAccess.csproj", "{F2698337-5F24-44F2-8D15-6BF1D90AF852}"
EndProject
Project("{9A19103F-16F7-4668-BE54-9A1E7A4F7556}") = "E_Purchase_Models", "Models\E_Purchase_Models.csproj", "{F8D7FF6D-F52E-41B1-95D1-F24021AC6F74}"
EndProject
Project("{9A19103F-16F7-4668-BE54-9A1E7A4F7556}") = "E-Purchase_Utility", "Utility\E-Purchase_Utility.csproj", "{18509F20-F340-4074-AF06-072BC2498FB6}"
EndProject
Global
	GlobalSection(SolutionConfigurationPlatforms) = preSolution
		Debug|Any CPU = Debug|Any CPU
		Release|Any CPU = Release|Any CPU
	EndGlobalSection
	GlobalSection(ProjectConfigurationPlatforms) = postSolution
		{70EEDC8F-2923-40EF-8B06-E84A5FFE7276}.Debug|Any CPU.ActiveCfg = Debug|Any CPU
		{70EEDC8F-2923-40EF-8B06-E84A5FFE7276}.Debug|Any CPU.Build.0 = Debug|Any CPU
		{70EEDC8F-2923-40EF-8B06-E84A5FFE7276}.Release|Any CPU.ActiveCfg = Release|Any CPU
		{70EEDC8F-2923-40EF-8B06-E84A5FFE7276}.Release|Any CPU.Build.0 = Release|Any CPU
		{F2698337-5F24-44F2-8D15-6BF1D90AF852}.Debug|Any CPU.ActiveCfg = Debug|Any CPU
		{F2698337-5F24-44F2-8D15-6BF1D90AF852}.Debug|Any CPU.Build.0 = Debug|Any CPU
		{F2698337-5F24-44F2-8D15-6BF1D90AF852}.Release|Any CPU.ActiveCfg = Release|Any CPU
		{F2698337-5F24-44F2-8D15-6BF1D90AF852}.Release|Any CPU.Build.0 = Release|Any CPU
		{F8D7FF6D-F52E-41B1-95D1-F24021AC6F74}.Debug|Any CPU.ActiveCfg = Debug|Any CPU
		{F8D7FF6D-F52E-41B1-95D1-F24021AC6F74}.Debug|Any CPU.Build.0 = Debug|Any CPU
		{F8D7FF6D-F52E-41B1-95D1-F24021AC6F74}.Release|Any CPU.ActiveCfg = Release|Any CPU
		{F8D7FF6D-F52E-41B1-95D1-F24021AC6F74}.Release|Any CPU.Build.0 = Release|Any CPU
		{18509F20-F340-4074-AF06-072BC2498FB6}.Debug|Any CPU.ActiveCfg = Debug|Any CPU
		{18509F20-F340-4074-AF06-072BC2498FB6}.Debug|Any CPU.Build.0 = Debug|Any CPU
		{18509F20-F340-4074-AF06-072BC2498FB6}.Release|Any CPU.ActiveCfg = Release|Any CPU
		{18509F20-F340-4074-AF06-072BC2498FB6}.Release|Any CPU.Build.0 = Release|Any CPU
	EndGlobalSection
	GlobalSection(SolutionProperties) = preSolution
		HideSolutionNode = FALSE
	EndGlobalSection
	GlobalSection(ExtensibilityGlobals) = postSolution
		SolutionGuid = {70276B90-CB34-4066-837B-27F1BDF24DE6}
	EndGlobalSection
EndGlobal
